
Microsoft Visual Studio Solution File, Format Version 12.00
# Visual Studio 15
VisualStudioVersion = 15.0.28307.1300
MinimumVisualStudioVersion = 10.0.40219.1
Project("{FAE04EC0-301F-11D3-BF4B-00C04F79EFBC}") = "Quan_ly_nhan_vien", "Quan_ly_nhan_vien\Quan_ly_nhan_vien.csproj", "{F8C9ACC1-6CD7-4646-8180-42B376D2AC97}"
EndProject
Global
	GlobalSection(SolutionConfigurationPlatforms) = preSolution
		Debug|Any CPU = Debug|Any CPU
		Release|Any CPU = Release|Any CPU
	EndGlobalSection
	GlobalSection(ProjectConfigurationPlatforms) = postSolution
		{F8C9ACC1-6CD7-4646-8180-42B376D2AC97}.Debug|Any CPU.ActiveCfg = Debug|Any CPU
		{F8C9ACC1-6CD7-4646-8180-42B376D2AC97}.Debug|Any CPU.Build.0 = Debug|Any CPU
		{F8C9ACC1-6CD7-4646-8180-42B376D2AC97}.Release|Any CPU.ActiveCfg = Release|Any CPU
		{F8C9ACC1-6CD7-4646-8180-42B376D2AC97}.Release|Any CPU.Build.0 = Release|Any CPU
	EndGlobalSection
	GlobalSection(SolutionProperties) = preSolution
		HideSolutionNode = FALSE
	EndGlobalSection
	GlobalSection(ExtensibilityGlobals) = postSolution
		SolutionGuid = {0CB2C521-B156-455E-8885-6A41EA499849}
	EndGlobalSection
EndGlobal
